
Microsoft Visual Studio Solution File, Format Version 12.00
# Visual Studio Version 16
VisualStudioVersion = 16.0.33423.256
MinimumVisualStudioVersion = 10.0.40219.1
Project("{FAE04EC0-301F-11D3-BF4B-00C04F79EFBC}") = "OOP 4.1", "OOP 4.1.csproj", "{9FE2F011-898F-444D-98F0-2158360679E6}"
EndProject
Global
	GlobalSection(SolutionConfigurationPlatforms) = preSolution
		Debug|Any CPU = Debug|Any CPU
		Release|Any CPU = Release|Any CPU
	EndGlobalSection
	GlobalSection(ProjectConfigurationPlatforms) = postSolution
		{9FE2F011-898F-444D-98F0-2158360679E6}.Debug|Any CPU.ActiveCfg = Debug|Any CPU
		{9FE2F011-898F-444D-98F0-2158360679E6}.Debug|Any CPU.Build.0 = Debug|Any CPU
		{9FE2F011-898F-444D-98F0-2158360679E6}.Release|Any CPU.ActiveCfg = Release|Any CPU
		{9FE2F011-898F-444D-98F0-2158360679E6}.Release|Any CPU.Build.0 = Release|Any CPU
	EndGlobalSection
	GlobalSection(SolutionProperties) = preSolution
		HideSolutionNode = FALSE
	EndGlobalSection
	GlobalSection(ExtensibilityGlobals) = postSolution
		SolutionGuid = {EF903E0C-B9B7-4EB3-B49C-D09F2C785F6F}
	EndGlobalSection
EndGlobal
